
Microsoft Visual Studio Solution File, Format Version 12.00
# Visual Studio Version 17
VisualStudioVersion = 17.13.35913.81 d17.13
MinimumVisualStudioVersion = 10.0.40219.1
Project("{FAE04EC0-301F-11D3-BF4B-00C04F79EFBC}") = "EzUptime", "EzUptime\EzUptime.csproj", "{464ED200-A725-46C7-821F-F0C870BEBDA0}"
EndProject
Global
	GlobalSection(SolutionConfigurationPlatforms) = preSolution
		Debug|Any CPU = Debug|Any CPU
		Release|Any CPU = Release|Any CPU
	EndGlobalSection
	GlobalSection(ProjectConfigurationPlatforms) = postSolution
		{464ED200-A725-46C7-821F-F0C870BEBDA0}.Debug|Any CPU.ActiveCfg = Debug|Any CPU
		{464ED200-A725-46C7-821F-F0C870BEBDA0}.Debug|Any CPU.Build.0 = Debug|Any CPU
		{464ED200-A725-46C7-821F-F0C870BEBDA0}.Release|Any CPU.ActiveCfg = Release|Any CPU
		{464ED200-A725-46C7-821F-F0C870BEBDA0}.Release|Any CPU.Build.0 = Release|Any CPU
	EndGlobalSection
	GlobalSection(SolutionProperties) = preSolution
		HideSolutionNode = FALSE
	EndGlobalSection
	GlobalSection(ExtensibilityGlobals) = postSolution
		SolutionGuid = {500A000B-2A3F-427D-AAE1-C10A66BF5F88}
	EndGlobalSection
EndGlobal
